
Microsoft Visual Studio Solution File, Format Version 12.00
# Visual Studio 15
VisualStudioVersion = 15.0.28307.757
MinimumVisualStudioVersion = 10.0.40219.1
Project("{FAE04EC0-301F-11D3-BF4B-00C04F79EFBC}") = "Rubel_Rana_1249804", "Rubel_Rana_1249804\Rubel_Rana_1249804.csproj", "{426F58BC-F544-4B49-AE77-A506DD174410}"
EndProject
Global
	GlobalSection(SolutionConfigurationPlatforms) = preSolution
		Debug|Any CPU = Debug|Any CPU
		Release|Any CPU = Release|Any CPU
	EndGlobalSection
	GlobalSection(ProjectConfigurationPlatforms) = postSolution
		{426F58BC-F544-4B49-AE77-A506DD174410}.Debug|Any CPU.ActiveCfg = Debug|Any CPU
		{426F58BC-F544-4B49-AE77-A506DD174410}.Debug|Any CPU.Build.0 = Debug|Any CPU
		{426F58BC-F544-4B49-AE77-A506DD174410}.Release|Any CPU.ActiveCfg = Release|Any CPU
		{426F58BC-F544-4B49-AE77-A506DD174410}.Release|Any CPU.Build.0 = Release|Any CPU
	EndGlobalSection
	GlobalSection(SolutionProperties) = preSolution
		HideSolutionNode = FALSE
	EndGlobalSection
	GlobalSection(ExtensibilityGlobals) = postSolution
		SolutionGuid = {C205C01A-A0B7-4A05-AF48-315114FC3697}
	EndGlobalSection
EndGlobal
